
Microsoft Visual Studio Solution File, Format Version 12.00
# Visual Studio 15
VisualStudioVersion = 15.0.34031.82
MinimumVisualStudioVersion = 10.0.40219.1
Project("{FAE04EC0-301F-11D3-BF4B-00C04F79EFBC}") = "Buoi9", "Buoi9\Buoi9.csproj", "{5AE732B8-4915-442C-A4E3-E8F1BF9B8BF8}"
EndProject
Global
	GlobalSection(SolutionConfigurationPlatforms) = preSolution
		Debug|Any CPU = Debug|Any CPU
		Release|Any CPU = Release|Any CPU
	EndGlobalSection
	GlobalSection(ProjectConfigurationPlatforms) = postSolution
		{5AE732B8-4915-442C-A4E3-E8F1BF9B8BF8}.Debug|Any CPU.ActiveCfg = Debug|Any CPU
		{5AE732B8-4915-442C-A4E3-E8F1BF9B8BF8}.Debug|Any CPU.Build.0 = Debug|Any CPU
		{5AE732B8-4915-442C-A4E3-E8F1BF9B8BF8}.Release|Any CPU.ActiveCfg = Release|Any CPU
		{5AE732B8-4915-442C-A4E3-E8F1BF9B8BF8}.Release|Any CPU.Build.0 = Release|Any CPU
	EndGlobalSection
	GlobalSection(SolutionProperties) = preSolution
		HideSolutionNode = FALSE
	EndGlobalSection
	GlobalSection(ExtensibilityGlobals) = postSolution
		SolutionGuid = {34D55A58-72E4-4C32-A04F-9F475A531E50}
	EndGlobalSection
EndGlobal
